schema: '2.0'
stages:
  load_data:
    cmd: python src\load_data.py --config=params.yaml
    deps:
    - path: data_given/winequality.csv
      hash: md5
      md5: ccc8d3507eb151f53f760d36abdef888
      size: 91998
    - path: src/get_data.py
      hash: md5
      md5: 4192045b8e65910d706ef02a1ba01de5
      size: 575
    - path: src/load_data.py
      hash: md5
      md5: 293c4d21990dcb47fe3161422f27e590
      size: 563
    outs:
    - path: data/raw/winequality.csv
      hash: md5
      md5: 069b522b0321bc25a626ceeffcb8eb44
      size: 93598
  split_data:
    cmd: python src\split_data.py --config=params.yaml
    deps:
    - path: data/raw/winequality.csv
      hash: md5
      md5: 069b522b0321bc25a626ceeffcb8eb44
      size: 93598
    - path: src/split_data.py
      hash: md5
      md5: 29db4e68c00ce56f1d56086b09c34097
      size: 927
    outs:
    - path: data/processed/test_winq.csv
      hash: md5
      md5: 0de807b3c2def4c44f82854681bcb404
      size: 74951
    - path: data/processed/train_winq.csv
      hash: md5
      md5: 2ff4b9ad7134415ef4012a0e7b21978c
      size: 18793
  tarin_eval:
    cmd: python src\train_and_eval.py --config=params.yaml
    deps:
    - path: data/processed/test_winq.csv
      hash: md5
      md5: 0de807b3c2def4c44f82854681bcb404
      size: 74951
    - path: data/processed/train_winq.csv
      hash: md5
      md5: 2ff4b9ad7134415ef4012a0e7b21978c
      size: 18793
    - path: src\train_and_eval.py
      hash: md5
      md5: 0f75bf91b9413d04a4db73dec27ff6c5
      size: 2284
    params:
      params.yaml:
        estimater.ElasticNet.params.alpha: 0.9
        estimater.ElasticNet.params.l1_ratio: 0.4
    outs:
    - path: report/params.json
      hash: md5
      md5: 443ce921d72995d744e459d0213405d7
      size: 44
    - path: report/scores.json
      hash: md5
      md5: 296b78eff14e5d06941151ff75082592
      size: 100
    - path: saved_models/model.joblib
      hash: md5
      md5: 8c4b2af6cde4c1f22c3d3f39f59f9703
      size: 1231
