schema: '2.0'
stages:
  load_data:
    cmd: python src\load_data.py --config=params.yaml
    deps:
    - path: data_given/winequality.csv
      hash: md5
      md5: 4df60e8a9b89c47839c3515fef567102
      size: 92053
    - path: src/get_data.py
      hash: md5
      md5: 4192045b8e65910d706ef02a1ba01de5
      size: 575
    - path: src/load_data.py
      hash: md5
      md5: 293c4d21990dcb47fe3161422f27e590
      size: 563
    outs:
    - path: data/raw/winequality.csv
      hash: md5
      md5: c410fffe8f66fac54e7472ac1d70ba08
      size: 93654
  split_data:
    cmd: python src\split_data.py --config=params.yaml
    deps:
    - path: data/raw/winequality.csv
      hash: md5
      md5: c410fffe8f66fac54e7472ac1d70ba08
      size: 93654
    - path: src/split_data.py
      hash: md5
      md5: 29db4e68c00ce56f1d56086b09c34097
      size: 927
    outs:
    - path: data/processed/test_winq.csv
      hash: md5
      md5: 17eaf9cf695352af5b2bdf899010a5fe
      size: 74936
    - path: data/processed/train_winq.csv
      hash: md5
      md5: 8cb492e0f6e26006d50394c1bc9b4cc0
      size: 18864
  tarin_eval:
    cmd: python src\train_and_eval.py --config=params.yaml
    deps:
    - path: data/processed/test_winq.csv
      hash: md5
      md5: 17eaf9cf695352af5b2bdf899010a5fe
      size: 74936
    - path: data/processed/train_winq.csv
      hash: md5
      md5: 8cb492e0f6e26006d50394c1bc9b4cc0
      size: 18864
    - path: src\train_and_eval.py
      hash: md5
      md5: 0f75bf91b9413d04a4db73dec27ff6c5
      size: 2284
    params:
      params.yaml:
        estimater.ElasticNet.params.alpha: 0.9
        estimater.ElasticNet.params.l1_ratio: 0.4
    outs:
    - path: report/params.json
      hash: md5
      md5: 443ce921d72995d744e459d0213405d7
      size: 44
    - path: report/scores.json
      hash: md5
      md5: 2f676a608699784aa079776e73606e6a
      size: 100
    - path: saved_models/model.joblib
      hash: md5
      md5: 68688a97ad952eb6678eb7e2f7df4fb7
      size: 1231
